
Microsoft Visual Studio Solution File, Format Version 12.00
# Visual Studio Version 17
VisualStudioVersion = 17.1.32210.238
MinimumVisualStudioVersion = 10.0.40219.1
Project("{888888A0-9F3D-457C-B088-3A5042F75D52}") = "RomanToInt", "RomanToInt.pyproj", "{DB33A064-316D-4583-8BBA-86BA17E0E05A}"
EndProject
Global
	GlobalSection(SolutionConfigurationPlatforms) = preSolution
		Debug|Any CPU = Debug|Any CPU
		Release|Any CPU = Release|Any CPU
	EndGlobalSection
	GlobalSection(ProjectConfigurationPlatforms) = postSolution
		{DB33A064-316D-4583-8BBA-86BA17E0E05A}.Debug|Any CPU.ActiveCfg = Debug|Any CPU
		{DB33A064-316D-4583-8BBA-86BA17E0E05A}.Release|Any CPU.ActiveCfg = Release|Any CPU
	EndGlobalSection
	GlobalSection(SolutionProperties) = preSolution
		HideSolutionNode = FALSE
	EndGlobalSection
	GlobalSection(ExtensibilityGlobals) = postSolution
		SolutionGuid = {DE92D444-404F-48F4-B262-064826C76205}
	EndGlobalSection
EndGlobal
